
Microsoft Visual Studio Solution File, Format Version 12.00
# Visual Studio 15
VisualStudioVersion = 15.0.27130.2010
MinimumVisualStudioVersion = 10.0.40219.1
Project("{9092AA53-FB77-4645-B42D-1CCCA6BD08BD}") = "ExpressApp9", "ExpressApp9\ExpressApp9.njsproj", "{7241D619-2458-4821-BB41-3BCA22C9C591}"
EndProject
Global
	GlobalSection(SolutionConfigurationPlatforms) = preSolution
		Debug|Any CPU = Debug|Any CPU
		Release|Any CPU = Release|Any CPU
	EndGlobalSection
	GlobalSection(ProjectConfigurationPlatforms) = postSolution
		{7241D619-2458-4821-BB41-3BCA22C9C591}.Debug|Any CPU.ActiveCfg = Debug|Any CPU
		{7241D619-2458-4821-BB41-3BCA22C9C591}.Debug|Any CPU.Build.0 = Debug|Any CPU
		{7241D619-2458-4821-BB41-3BCA22C9C591}.Release|Any CPU.ActiveCfg = Release|Any CPU
		{7241D619-2458-4821-BB41-3BCA22C9C591}.Release|Any CPU.Build.0 = Release|Any CPU
	EndGlobalSection
	GlobalSection(SolutionProperties) = preSolution
		HideSolutionNode = FALSE
	EndGlobalSection
	GlobalSection(ExtensibilityGlobals) = postSolution
		SolutionGuid = {EE9A5FA3-9CBE-4B5E-9F1B-EE22D2A347D3}
	EndGlobalSection
EndGlobal
